
Microsoft Visual Studio Solution File, Format Version 12.00
# Visual Studio Version 17
VisualStudioVersion = 17.7.34031.279
MinimumVisualStudioVersion = 10.0.40219.1
Project("{FAE04EC0-301F-11D3-BF4B-00C04F79EFBC}") = "Exam5", "Exam5.csproj", "{DD090EC3-788B-4D9B-B1C8-D209D4910CF3}"
EndProject
Project("{FAE04EC0-301F-11D3-BF4B-00C04F79EFBC}") = "Exam5.Core", "..\Exam5.Core\Exam5.Core.csproj", "{C6CE508C-FD8C-416A-97F5-8361171534E2}"
EndProject
Project("{FAE04EC0-301F-11D3-BF4B-00C04F79EFBC}") = "Exam5.DAL", "..\Exam5.DAL\Exam5.DAL.csproj", "{27CC7F71-8021-483D-B5B7-2D21CD7F7D85}"
EndProject
Project("{FAE04EC0-301F-11D3-BF4B-00C04F79EFBC}") = "Exam5.Business", "..\Exam5.Business\Exam5.Business.csproj", "{CB486287-5536-4071-B327-80A4AF067FAD}"
EndProject
Global
	GlobalSection(SolutionConfigurationPlatforms) = preSolution
		Debug|Any CPU = Debug|Any CPU
		Release|Any CPU = Release|Any CPU
	EndGlobalSection
	GlobalSection(ProjectConfigurationPlatforms) = postSolution
		{DD090EC3-788B-4D9B-B1C8-D209D4910CF3}.Debug|Any CPU.ActiveCfg = Debug|Any CPU
		{DD090EC3-788B-4D9B-B1C8-D209D4910CF3}.Debug|Any CPU.Build.0 = Debug|Any CPU
		{DD090EC3-788B-4D9B-B1C8-D209D4910CF3}.Release|Any CPU.ActiveCfg = Release|Any CPU
		{DD090EC3-788B-4D9B-B1C8-D209D4910CF3}.Release|Any CPU.Build.0 = Release|Any CPU
		{C6CE508C-FD8C-416A-97F5-8361171534E2}.Debug|Any CPU.ActiveCfg = Debug|Any CPU
		{C6CE508C-FD8C-416A-97F5-8361171534E2}.Debug|Any CPU.Build.0 = Debug|Any CPU
		{C6CE508C-FD8C-416A-97F5-8361171534E2}.Release|Any CPU.ActiveCfg = Release|Any CPU
		{C6CE508C-FD8C-416A-97F5-8361171534E2}.Release|Any CPU.Build.0 = Release|Any CPU
		{27CC7F71-8021-483D-B5B7-2D21CD7F7D85}.Debug|Any CPU.ActiveCfg = Debug|Any CPU
		{27CC7F71-8021-483D-B5B7-2D21CD7F7D85}.Debug|Any CPU.Build.0 = Debug|Any CPU
		{27CC7F71-8021-483D-B5B7-2D21CD7F7D85}.Release|Any CPU.ActiveCfg = Release|Any CPU
		{27CC7F71-8021-483D-B5B7-2D21CD7F7D85}.Release|Any CPU.Build.0 = Release|Any CPU
		{CB486287-5536-4071-B327-80A4AF067FAD}.Debug|Any CPU.ActiveCfg = Debug|Any CPU
		{CB486287-5536-4071-B327-80A4AF067FAD}.Debug|Any CPU.Build.0 = Debug|Any CPU
		{CB486287-5536-4071-B327-80A4AF067FAD}.Release|Any CPU.ActiveCfg = Release|Any CPU
		{CB486287-5536-4071-B327-80A4AF067FAD}.Release|Any CPU.Build.0 = Release|Any CPU
	EndGlobalSection
	GlobalSection(SolutionProperties) = preSolution
		HideSolutionNode = FALSE
	EndGlobalSection
	GlobalSection(ExtensibilityGlobals) = postSolution
		SolutionGuid = {B70EBE64-6C9C-49AD-879A-26C876F925BA}
	EndGlobalSection
EndGlobal
